# THIS IS AN AUTOGENERATED FILE. DO NOT EDIT THIS FILE DIRECTLY.
# yarn lockfile v1


"@babel/code-frame@^7.0.0":
  version "7.10.4"
  resolved "https://registry.npmjs.org/@babel/code-frame/-/code-frame-7.10.4.tgz"
  dependencies:
    "@babel/highlight" "^7.10.4"

"@babel/helper-validator-identifier@^7.10.4":
  version "7.10.4"
  resolved "https://registry.npmjs.org/@babel/helper-validator-identifier/-/helper-validator-identifier-7.10.4.tgz"

"@babel/highlight@^7.10.4":
  version "7.10.4"
  resolved "https://registry.npmjs.org/@babel/highlight/-/highlight-7.10.4.tgz"
  dependencies:
    "@babel/helper-validator-identifier" "^7.10.4"
    chalk "^2.0.0"
    js-tokens "^4.0.0"

"@jridgewell/gen-mapping@^0.3.0":
  version "0.3.2"
  resolved "https://registry.yarnpkg.com/@jridgewell/gen-mapping/-/gen-mapping-0.3.2.tgz#c1aedc61e853f2bb9f5dfe6d4442d3b565b253b9"
  dependencies:
    "@jridgewell/set-array" "^1.0.1"
    "@jridgewell/sourcemap-codec" "^1.4.10"
    "@jridgewell/trace-mapping" "^0.3.9"

"@jridgewell/resolve-uri@3.1.0":
  version "3.1.0"
  resolved "https://registry.yarnpkg.com/@jridgewell/resolve-uri/-/resolve-uri-3.1.0.tgz#2203b118c157721addfe69d47b70465463066d78"

"@jridgewell/set-array@^1.0.1":
  version "1.1.2"
  resolved "https://registry.yarnpkg.com/@jridgewell/set-array/-/set-array-1.1.2.tgz#7c6cf998d6d20b914c0a55a91ae928ff25965e72"

"@jridgewell/source-map@^0.3.2":
  version "0.3.2"
  resolved "https://registry.yarnpkg.com/@jridgewell/source-map/-/source-map-0.3.2.tgz#f45351aaed4527a298512ec72f81040c998580fb"
  dependencies:
    "@jridgewell/gen-mapping" "^0.3.0"
    "@jridgewell/trace-mapping" "^0.3.9"

"@jridgewell/sourcemap-codec@1.4.14", "@jridgewell/sourcemap-codec@^1.4.10":
  version "1.4.14"
  resolved "https://registry.yarnpkg.com/@jridgewell/sourcemap-codec/-/sourcemap-codec-1.4.14.tgz#add4c98d341472a289190b424efbdb096991bb24"

"@jridgewell/trace-mapping@^0.3.9":
  version "0.3.17"
  resolved "https://registry.yarnpkg.com/@jridgewell/trace-mapping/-/trace-mapping-0.3.17.tgz#793041277af9073b0951a7fe0f0d8c4c98c36985"
  dependencies:
    "@jridgewell/resolve-uri" "3.1.0"
    "@jridgewell/sourcemap-codec" "1.4.14"

"@lezer/common@^0.15.0", "@lezer/common@^0.15.7":
  version "0.15.12"
  resolved "https://registry.yarnpkg.com/@lezer/common/-/common-0.15.12.tgz#2f21aec551dd5fd7d24eb069f90f54d5bc6ee5e9"

"@lezer/lr@^0.15.4":
  version "0.15.8"
  resolved "https://registry.yarnpkg.com/@lezer/lr/-/lr-0.15.8.tgz#1564a911e62b0a0f75ca63794a6aa8c5dc63db21"
  dependencies:
    "@lezer/common" "^0.15.0"

"@lmdb/lmdb-darwin-arm64@2.5.2":
  version "2.5.2"
  resolved "https://registry.yarnpkg.com/@lmdb/lmdb-darwin-arm64/-/lmdb-darwin-arm64-2.5.2.tgz#bc66fa43286b5c082e8fee0eacc17995806b6fbe"

"@lmdb/lmdb-darwin-x64@2.5.2":
  version "2.5.2"
  resolved "https://registry.yarnpkg.com/@lmdb/lmdb-darwin-x64/-/lmdb-darwin-x64-2.5.2.tgz#89d8390041bce6bab24a82a20392be22faf54ffc"

"@lmdb/lmdb-linux-arm64@2.5.2":
  version "2.5.2"
  resolved "https://registry.yarnpkg.com/@lmdb/lmdb-linux-arm64/-/lmdb-linux-arm64-2.5.2.tgz#14fe4c96c2bb1285f93797f45915fa35ee047268"

"@lmdb/lmdb-linux-arm@2.5.2":
  version "2.5.2"
  resolved "https://registry.yarnpkg.com/@lmdb/lmdb-linux-arm/-/lmdb-linux-arm-2.5.2.tgz#05bde4573ab10cf21827339fe687148f2590cfa1"

"@lmdb/lmdb-linux-x64@2.5.2":
  version "2.5.2"
  resolved "https://registry.yarnpkg.com/@lmdb/lmdb-linux-x64/-/lmdb-linux-x64-2.5.2.tgz#d2f85afd857d2c33d2caa5b057944574edafcfee"

"@lmdb/lmdb-win32-x64@2.5.2":
  version "2.5.2"
  resolved "https://registry.yarnpkg.com/@lmdb/lmdb-win32-x64/-/lmdb-win32-x64-2.5.2.tgz#28f643fbc0bec30b07fbe95b137879b6b4d1c9c5"

"@mischnic/json-sourcemap@^0.1.0":
  version "0.1.0"
  resolved "https://registry.yarnpkg.com/@mischnic/json-sourcemap/-/json-sourcemap-0.1.0.tgz#38af657be4108140a548638267d02a2ea3336507"
  dependencies:
    "@lezer/common" "^0.15.7"
    "@lezer/lr" "^0.15.4"
    json5 "^2.2.1"

"@msgpackr-extract/msgpackr-extract-darwin-arm64@2.2.0":
  version "2.2.0"
  resolved "https://registry.yarnpkg.com/@msgpackr-extract/msgpackr-extract-darwin-arm64/-/msgpackr-extract-darwin-arm64-2.2.0.tgz#901c5937e1441572ea23e631fe6deca68482fe76"

"@msgpackr-extract/msgpackr-extract-darwin-x64@2.2.0":
  version "2.2.0"
  resolved "https://registry.yarnpkg.com/@msgpackr-extract/msgpackr-extract-darwin-x64/-/msgpackr-extract-darwin-x64-2.2.0.tgz#fb877fe6bae3c4d3cea29786737840e2ae689066"

"@msgpackr-extract/msgpackr-extract-linux-arm64@2.2.0":
  version "2.2.0"
  resolved "https://registry.yarnpkg.com/@msgpackr-extract/msgpackr-extract-linux-arm64/-/msgpackr-extract-linux-arm64-2.2.0.tgz#986179c38b10ac41fbdaf7d036c825cbc72855d9"

"@msgpackr-extract/msgpackr-extract-linux-arm@2.2.0":
  version "2.2.0"
  resolved "https://registry.yarnpkg.com/@msgpackr-extract/msgpackr-extract-linux-arm/-/msgpackr-extract-linux-arm-2.2.0.tgz#15f2c6fe9e0adc06c21af7e95f484ff4880d79ce"

"@msgpackr-extract/msgpackr-extract-linux-x64@2.2.0":
  version "2.2.0"
  resolved "https://registry.yarnpkg.com/@msgpackr-extract/msgpackr-extract-linux-x64/-/msgpackr-extract-linux-x64-2.2.0.tgz#30cae5c9a202f3e1fa1deb3191b18ffcb2f239a2"

"@msgpackr-extract/msgpackr-extract-win32-x64@2.2.0":
  version "2.2.0"
  resolved "https://registry.yarnpkg.com/@msgpackr-extract/msgpackr-extract-win32-x64/-/msgpackr-extract-win32-x64-2.2.0.tgz#016d855b6bc459fd908095811f6826e45dd4ba64"

"@parcel/bundler-default@2.8.2":
  version "2.8.2"
  resolved "https://registry.yarnpkg.com/@parcel/bundler-default/-/bundler-default-2.8.2.tgz#7340866cd612aece575489d16bf97325fd699b7f"
  dependencies:
    "@parcel/diagnostic" "2.8.2"
    "@parcel/graph" "2.8.2"
    "@parcel/hash" "2.8.2"
    "@parcel/plugin" "2.8.2"
    "@parcel/utils" "2.8.2"
    nullthrows "^1.1.1"

"@parcel/cache@2.8.2":
  version "2.8.2"
  resolved "https://registry.yarnpkg.com/@parcel/cache/-/cache-2.8.2.tgz#64ab1a4ecc20033b7d20a72ddd8898fea035e553"
  dependencies:
    "@parcel/fs" "2.8.2"
    "@parcel/logger" "2.8.2"
    "@parcel/utils" "2.8.2"
    lmdb "2.5.2"

"@parcel/codeframe@2.8.2":
  version "2.8.2"
  resolved "https://registry.yarnpkg.com/@parcel/codeframe/-/codeframe-2.8.2.tgz#a170050404792acb6d9beac931b5ece25e3fc0b9"
  dependencies:
    chalk "^4.1.0"

"@parcel/compressor-raw@2.8.2":
  version "2.8.2"
  resolved "https://registry.yarnpkg.com/@parcel/compressor-raw/-/compressor-raw-2.8.2.tgz#8b21b958416185a55ecd301ddf92ba6aded8c082"
  dependencies:
    "@parcel/plugin" "2.8.2"

"@parcel/config-default@2.8.2":
  version "2.8.2"
  resolved "https://registry.yarnpkg.com/@parcel/config-default/-/config-default-2.8.2.tgz#2f96207f84bdd155cf4bfd02f10519b2ec33449a"
  dependencies:
    "@parcel/bundler-default" "2.8.2"
    "@parcel/compressor-raw" "2.8.2"
    "@parcel/namer-default" "2.8.2"
    "@parcel/optimizer-css" "2.8.2"
    "@parcel/optimizer-htmlnano" "2.8.2"
    "@parcel/optimizer-image" "2.8.2"
    "@parcel/optimizer-svgo" "2.8.2"
    "@parcel/optimizer-terser" "2.8.2"
    "@parcel/packager-css" "2.8.2"
    "@parcel/packager-html" "2.8.2"
    "@parcel/packager-js" "2.8.2"
    "@parcel/packager-raw" "2.8.2"
    "@parcel/packager-svg" "2.8.2"
    "@parcel/reporter-dev-server" "2.8.2"
    "@parcel/resolver-default" "2.8.2"
    "@parcel/runtime-browser-hmr" "2.8.2"
    "@parcel/runtime-js" "2.8.2"
    "@parcel/runtime-react-refresh" "2.8.2"
    "@parcel/runtime-service-worker" "2.8.2"
    "@parcel/transformer-babel" "2.8.2"
    "@parcel/transformer-css" "2.8.2"
    "@parcel/transformer-html" "2.8.2"
    "@parcel/transformer-image" "2.8.2"
    "@parcel/transformer-js" "2.8.2"
    "@parcel/transformer-json" "2.8.2"
    "@parcel/transformer-postcss" "2.8.2"
    "@parcel/transformer-posthtml" "2.8.2"
    "@parcel/transformer-raw" "2.8.2"
    "@parcel/transformer-react-refresh-wrap" "2.8.2"
    "@parcel/transformer-svg" "2.8.2"

"@parcel/core@2.8.2":
  version "2.8.2"
  resolved "https://registry.yarnpkg.com/@parcel/core/-/core-2.8.2.tgz#9ee5a0b18337885dc0893958f9e4190cb599200a"
  dependencies:
    "@mischnic/json-sourcemap" "^0.1.0"
    "@parcel/cache" "2.8.2"
    "@parcel/diagnostic" "2.8.2"
    "@parcel/events" "2.8.2"
    "@parcel/fs" "2.8.2"
    "@parcel/graph" "2.8.2"
    "@parcel/hash" "2.8.2"
    "@parcel/logger" "2.8.2"
    "@parcel/package-manager" "2.8.2"
    "@parcel/plugin" "2.8.2"
    "@parcel/source-map" "^2.1.1"
    "@parcel/types" "2.8.2"
    "@parcel/utils" "2.8.2"
    "@parcel/workers" "2.8.2"
    abortcontroller-polyfill "^1.1.9"
    base-x "^3.0.8"
    browserslist "^4.6.6"
    clone "^2.1.1"
    dotenv "^7.0.0"
    dotenv-expand "^5.1.0"
    json5 "^2.2.0"
    msgpackr "^1.5.4"
    nullthrows "^1.1.1"
    semver "^5.7.1"

"@parcel/diagnostic@2.8.2":
  version "2.8.2"
  resolved "https://registry.yarnpkg.com/@parcel/diagnostic/-/diagnostic-2.8.2.tgz#7a6ca8c537cd59570ebc44615e1637cfd9675698"
  dependencies:
    "@mischnic/json-sourcemap" "^0.1.0"
    nullthrows "^1.1.1"

"@parcel/events@2.8.2":
  version "2.8.2"
  resolved "https://registry.yarnpkg.com/@parcel/events/-/events-2.8.2.tgz#9ef8d93f1a41369ac1685a1e2bbef7b76390259c"

"@parcel/fs-search@2.8.2":
  version "2.8.2"
  resolved "https://registry.yarnpkg.com/@parcel/fs-search/-/fs-search-2.8.2.tgz#6d68fedac193ef1ab28d3bf4cb69a4c03f44b9a8"
  dependencies:
    detect-libc "^1.0.3"

"@parcel/fs@2.8.2":
  version "2.8.2"
  resolved "https://registry.yarnpkg.com/@parcel/fs/-/fs-2.8.2.tgz#380b76962f908cafec1fda6d4bb6ccda450325ab"
  dependencies:
    "@parcel/fs-search" "2.8.2"
    "@parcel/types" "2.8.2"
    "@parcel/utils" "2.8.2"
    "@parcel/watcher" "^2.0.7"
    "@parcel/workers" "2.8.2"

"@parcel/graph@2.8.2":
  version "2.8.2"
  resolved "https://registry.yarnpkg.com/@parcel/graph/-/graph-2.8.2.tgz#f5bb5664f50f6dcb435beb75d0e663879fce890d"
  dependencies:
    nullthrows "^1.1.1"

"@parcel/hash@2.8.2":
  version "2.8.2"
  resolved "https://registry.yarnpkg.com/@parcel/hash/-/hash-2.8.2.tgz#f621431391cf873139125bacd4617c493c737cd7"
  dependencies:
    detect-libc "^1.0.3"
    xxhash-wasm "^0.4.2"

"@parcel/logger@2.8.2":
  version "2.8.2"
  resolved "https://registry.yarnpkg.com/@parcel/logger/-/logger-2.8.2.tgz#21df19cf2a084d247199b71a01511560a7ba98fc"
  dependencies:
    "@parcel/diagnostic" "2.8.2"
    "@parcel/events" "2.8.2"

"@parcel/markdown-ansi@2.8.2":
  version "2.8.2"
  resolved "https://registry.yarnpkg.com/@parcel/markdown-ansi/-/markdown-ansi-2.8.2.tgz#cb453c70de9c1ea85e2650fb46abbdf2ccbafa9e"
  dependencies:
    chalk "^4.1.0"

"@parcel/namer-default@2.8.2":
  version "2.8.2"
  resolved "https://registry.yarnpkg.com/@parcel/namer-default/-/namer-default-2.8.2.tgz#4106cffaa48359ce1ad4e504497a6d7d8db7935e"
  dependencies:
    "@parcel/diagnostic" "2.8.2"
    "@parcel/plugin" "2.8.2"
    nullthrows "^1.1.1"

"@parcel/node-resolver-core@2.8.2":
  version "2.8.2"
  resolved "https://registry.yarnpkg.com/@parcel/node-resolver-core/-/node-resolver-core-2.8.2.tgz#5113e476367aa9e48a021d13624e0d5ca68cb42f"
  dependencies:
    "@parcel/diagnostic" "2.8.2"
    "@parcel/utils" "2.8.2"
    nullthrows "^1.1.1"
    semver "^5.7.1"

"@parcel/optimizer-css@2.8.2":
  version "2.8.2"
  resolved "https://registry.yarnpkg.com/@parcel/optimizer-css/-/optimizer-css-2.8.2.tgz#3d3be3303db776cc9acbcc82d9e0a8b6d67cde5c"
  dependencies:
    "@parcel/diagnostic" "2.8.2"
    "@parcel/plugin" "2.8.2"
    "@parcel/source-map" "^2.1.1"
    "@parcel/utils" "2.8.2"
    browserslist "^4.6.6"
    lightningcss "^1.16.1"
    nullthrows "^1.1.1"

"@parcel/optimizer-htmlnano@2.8.2":
  version "2.8.2"
  resolved "https://registry.yarnpkg.com/@parcel/optimizer-htmlnano/-/optimizer-htmlnano-2.8.2.tgz#988c3bf6a7ca513ab8d0a3e41bbe1204eb27187c"
  dependencies:
    "@parcel/plugin" "2.8.2"
    htmlnano "^2.0.0"
    nullthrows "^1.1.1"
    posthtml "^0.16.5"
    svgo "^2.4.0"

"@parcel/optimizer-image@2.8.2":
  version "2.8.2"
  resolved "https://registry.yarnpkg.com/@parcel/optimizer-image/-/optimizer-image-2.8.2.tgz#5d44a0b658db5a0ab7749edbe29ce118d5e09011"
  dependencies:
    "@parcel/diagnostic" "2.8.2"
    "@parcel/plugin" "2.8.2"
    "@parcel/utils" "2.8.2"
    "@parcel/workers" "2.8.2"
    detect-libc "^1.0.3"

"@parcel/optimizer-svgo@2.8.2":
  version "2.8.2"
  resolved "https://registry.yarnpkg.com/@parcel/optimizer-svgo/-/optimizer-svgo-2.8.2.tgz#057c245900640b9e4f0f6f1a96d7ae6b4185ce17"
  dependencies:
    "@parcel/diagnostic" "2.8.2"
    "@parcel/plugin" "2.8.2"
    "@parcel/utils" "2.8.2"
    svgo "^2.4.0"

"@parcel/optimizer-terser@2.8.2":
  version "2.8.2"
  resolved "https://registry.yarnpkg.com/@parcel/optimizer-terser/-/optimizer-terser-2.8.2.tgz#9126bf66bc4d88fe5b2325eafd6fcbc431e5a284"
  dependencies:
    "@parcel/diagnostic" "2.8.2"
    "@parcel/plugin" "2.8.2"
    "@parcel/source-map" "^2.1.1"
    "@parcel/utils" "2.8.2"
    nullthrows "^1.1.1"
    terser "^5.2.0"

"@parcel/package-manager@2.8.2":
  version "2.8.2"
  resolved "https://registry.yarnpkg.com/@parcel/package-manager/-/package-manager-2.8.2.tgz#fd7886bb4f828929ffed93cfc345cf160b540d4c"
  dependencies:
    "@parcel/diagnostic" "2.8.2"
    "@parcel/fs" "2.8.2"
    "@parcel/logger" "2.8.2"
    "@parcel/types" "2.8.2"
    "@parcel/utils" "2.8.2"
    "@parcel/workers" "2.8.2"
    semver "^5.7.1"

"@parcel/packager-css@2.8.2":
  version "2.8.2"
  resolved "https://registry.yarnpkg.com/@parcel/packager-css/-/packager-css-2.8.2.tgz#f7a07aa9625edbaf0c5c07ee8b5be77ab64cc0d7"
  dependencies:
    "@parcel/plugin" "2.8.2"
    "@parcel/source-map" "^2.1.1"
    "@parcel/utils" "2.8.2"
    nullthrows "^1.1.1"

"@parcel/packager-html@2.8.2":
  version "2.8.2"
  resolved "https://registry.yarnpkg.com/@parcel/packager-html/-/packager-html-2.8.2.tgz#17b47368aebf675c906d036b4ac245ceab39102a"
  dependencies:
    "@parcel/plugin" "2.8.2"
    "@parcel/types" "2.8.2"
    "@parcel/utils" "2.8.2"
    nullthrows "^1.1.1"
    posthtml "^0.16.5"

"@parcel/packager-js@2.8.2":
  version "2.8.2"
  resolved "https://registry.yarnpkg.com/@parcel/packager-js/-/packager-js-2.8.2.tgz#5378107d81847c654f1c3534b4638470a21c4419"
  dependencies:
    "@parcel/diagnostic" "2.8.2"
    "@parcel/hash" "2.8.2"
    "@parcel/plugin" "2.8.2"
    "@parcel/source-map" "^2.1.1"
    "@parcel/utils" "2.8.2"
    globals "^13.2.0"
    nullthrows "^1.1.1"

"@parcel/packager-raw@2.8.2":
  version "2.8.2"
  resolved "https://registry.yarnpkg.com/@parcel/packager-raw/-/packager-raw-2.8.2.tgz#380b91e52f37f41686370bb8ea9ffa9583f380a9"
  dependencies:
    "@parcel/plugin" "2.8.2"

"@parcel/packager-svg@2.8.2":
  version "2.8.2"
  resolved "https://registry.yarnpkg.com/@parcel/packager-svg/-/packager-svg-2.8.2.tgz#bf002babdb061f045bf98736b08f4b8d6cc17ecf"
  dependencies:
    "@parcel/plugin" "2.8.2"
    "@parcel/types" "2.8.2"
    "@parcel/utils" "2.8.2"
    posthtml "^0.16.4"

"@parcel/plugin@2.8.2":
  version "2.8.2"
  resolved "https://registry.yarnpkg.com/@parcel/plugin/-/plugin-2.8.2.tgz#f8d147cf32e52f7feff245d64d640890a18a6fd9"
  dependencies:
    "@parcel/types" "2.8.2"

"@parcel/reporter-cli@2.8.2":
  version "2.8.2"
  resolved "https://registry.yarnpkg.com/@parcel/reporter-cli/-/reporter-cli-2.8.2.tgz#bfd63b8bfb0bd72e483f4de496af6dc8e819a97e"
  dependencies:
    "@parcel/plugin" "2.8.2"
    "@parcel/types" "2.8.2"
    "@parcel/utils" "2.8.2"
    chalk "^4.1.0"
    term-size "^2.2.1"

"@parcel/reporter-dev-server@2.8.2":
  version "2.8.2"
  resolved "https://registry.yarnpkg.com/@parcel/reporter-dev-server/-/reporter-dev-server-2.8.2.tgz#f822e694ba9cbfce52ee2b4157b186819c48ce40"
  dependencies:
    "@parcel/plugin" "2.8.2"
    "@parcel/utils" "2.8.2"

"@parcel/resolver-default@2.8.2":
  version "2.8.2"
  resolved "https://registry.yarnpkg.com/@parcel/resolver-default/-/resolver-default-2.8.2.tgz#8a3e9721c82951700e3cc974c2a482f1d52a44e0"
  dependencies:
    "@parcel/node-resolver-core" "2.8.2"
    "@parcel/plugin" "2.8.2"

"@parcel/runtime-browser-hmr@2.8.2":
  version "2.8.2"
  resolved "https://registry.yarnpkg.com/@parcel/runtime-browser-hmr/-/runtime-browser-hmr-2.8.2.tgz#b927aeba5bf76ec43731caf9c11cd09f504304e1"
  dependencies:
    "@parcel/plugin" "2.8.2"
    "@parcel/utils" "2.8.2"

"@parcel/runtime-js@2.8.2":
  version "2.8.2"
  resolved "https://registry.yarnpkg.com/@parcel/runtime-js/-/runtime-js-2.8.2.tgz#f5a221df97c35c5660d2d9e3f5da607ba24e5276"
  dependencies:
    "@parcel/plugin" "2.8.2"
    "@parcel/utils" "2.8.2"
    nullthrows "^1.1.1"

"@parcel/runtime-react-refresh@2.8.2":
  version "2.8.2"
  resolved "https://registry.yarnpkg.com/@parcel/runtime-react-refresh/-/runtime-react-refresh-2.8.2.tgz#107eed92bc5b3ac30ddeb45489b7813720c415e6"
  dependencies:
    "@parcel/plugin" "2.8.2"
    "@parcel/utils" "2.8.2"
    react-error-overlay "6.0.9"
    react-refresh "^0.9.0"

"@parcel/runtime-service-worker@2.8.2":
  version "2.8.2"
  resolved "https://registry.yarnpkg.com/@parcel/runtime-service-worker/-/runtime-service-worker-2.8.2.tgz#f8d2d5665cdb49a423efdf4079f436d3598e5775"
  dependencies:
    "@parcel/plugin" "2.8.2"
    "@parcel/utils" "2.8.2"
    nullthrows "^1.1.1"

"@parcel/source-map@^2.1.1":
  version "2.1.1"
  resolved "https://registry.yarnpkg.com/@parcel/source-map/-/source-map-2.1.1.tgz#fb193b82dba6dd62cc7a76b326f57bb35000a782"
  dependencies:
    detect-libc "^1.0.3"

"@parcel/transformer-babel@2.8.2":
  version "2.8.2"
  resolved "https://registry.yarnpkg.com/@parcel/transformer-babel/-/transformer-babel-2.8.2.tgz#277416b6bb4e691869e3c7f9dff0abeec4462841"
  dependencies:
    "@parcel/diagnostic" "2.8.2"
    "@parcel/plugin" "2.8.2"
    "@parcel/source-map" "^2.1.1"
    "@parcel/utils" "2.8.2"
    browserslist "^4.6.6"
    json5 "^2.2.0"
    nullthrows "^1.1.1"
    semver "^5.7.0"

"@parcel/transformer-css@2.8.2":
  version "2.8.2"
  resolved "https://registry.yarnpkg.com/@parcel/transformer-css/-/transformer-css-2.8.2.tgz#c00b48657a7fe35701686972f68633c72259cf87"
  dependencies:
    "@parcel/diagnostic" "2.8.2"
    "@parcel/plugin" "2.8.2"
    "@parcel/source-map" "^2.1.1"
    "@parcel/utils" "2.8.2"
    browserslist "^4.6.6"
    lightningcss "^1.16.1"
    nullthrows "^1.1.1"

"@parcel/transformer-html@2.8.2":
  version "2.8.2"
  resolved "https://registry.yarnpkg.com/@parcel/transformer-html/-/transformer-html-2.8.2.tgz#1d37fd56cde779d8a6f2074dfa55d051a17a27a4"
  dependencies:
    "@parcel/diagnostic" "2.8.2"
    "@parcel/hash" "2.8.2"
    "@parcel/plugin" "2.8.2"
    nullthrows "^1.1.1"
    posthtml "^0.16.5"
    posthtml-parser "^0.10.1"
    posthtml-render "^3.0.0"
    semver "^5.7.1"

"@parcel/transformer-image@2.8.2":
  version "2.8.2"
  resolved "https://registry.yarnpkg.com/@parcel/transformer-image/-/transformer-image-2.8.2.tgz#3072081c21a1de9a1c3a5c0fed7d5def65f1338d"
  dependencies:
    "@parcel/plugin" "2.8.2"
    "@parcel/utils" "2.8.2"
    "@parcel/workers" "2.8.2"
    nullthrows "^1.1.1"

"@parcel/transformer-js@2.8.2":
  version "2.8.2"
  resolved "https://registry.yarnpkg.com/@parcel/transformer-js/-/transformer-js-2.8.2.tgz#cb7b954836011656f1807b2da1900377ebd16df6"
  dependencies:
    "@parcel/diagnostic" "2.8.2"
    "@parcel/plugin" "2.8.2"
    "@parcel/source-map" "^2.1.1"
    "@parcel/utils" "2.8.2"
    "@parcel/workers" "2.8.2"
    "@swc/helpers" "^0.4.12"
    browserslist "^4.6.6"
    detect-libc "^1.0.3"
    nullthrows "^1.1.1"
    regenerator-runtime "^0.13.7"
    semver "^5.7.1"

"@parcel/transformer-json@2.8.2":
  version "2.8.2"
  resolved "https://registry.yarnpkg.com/@parcel/transformer-json/-/transformer-json-2.8.2.tgz#f184290c35ded6124fdd222e40e1c27e9e2726b6"
  dependencies:
    "@parcel/plugin" "2.8.2"
    json5 "^2.2.0"

"@parcel/transformer-postcss@2.8.2":
  version "2.8.2"
  resolved "https://registry.yarnpkg.com/@parcel/transformer-postcss/-/transformer-postcss-2.8.2.tgz#ca1db56e639a6fcef134128cf8c172999c21bc10"
  dependencies:
    "@parcel/diagnostic" "2.8.2"
    "@parcel/hash" "2.8.2"
    "@parcel/plugin" "2.8.2"
    "@parcel/utils" "2.8.2"
    clone "^2.1.1"
    nullthrows "^1.1.1"
    postcss-value-parser "^4.2.0"
    semver "^5.7.1"

"@parcel/transformer-posthtml@2.8.2":
  version "2.8.2"
  resolved "https://registry.yarnpkg.com/@parcel/transformer-posthtml/-/transformer-posthtml-2.8.2.tgz#efcb8554211facbc70cc9e53c125d5ae31b26bff"
  dependencies:
    "@parcel/plugin" "2.8.2"
    "@parcel/utils" "2.8.2"
    nullthrows "^1.1.1"
    posthtml "^0.16.5"
    posthtml-parser "^0.10.1"
    posthtml-render "^3.0.0"
    semver "^5.7.1"

"@parcel/transformer-raw@2.8.2":
  version "2.8.2"
  resolved "https://registry.yarnpkg.com/@parcel/transformer-raw/-/transformer-raw-2.8.2.tgz#f463f2bb3c43059c0881381fb1d0453dbf8133aa"
  dependencies:
    "@parcel/plugin" "2.8.2"

"@parcel/transformer-react-refresh-wrap@2.8.2":
  version "2.8.2"
  resolved "https://registry.yarnpkg.com/@parcel/transformer-react-refresh-wrap/-/transformer-react-refresh-wrap-2.8.2.tgz#26cde09bcef82ac6b2a2e1ce89172f8f622aef7b"
  dependencies:
    "@parcel/plugin" "2.8.2"
    "@parcel/utils" "2.8.2"
    react-refresh "^0.9.0"

"@parcel/transformer-svg@2.8.2":
  version "2.8.2"
  resolved "https://registry.yarnpkg.com/@parcel/transformer-svg/-/transformer-svg-2.8.2.tgz#850fef81cd9822f111c123b4b0c1024b3d58bcc3"
  dependencies:
    "@parcel/diagnostic" "2.8.2"
    "@parcel/hash" "2.8.2"
    "@parcel/plugin" "2.8.2"
    nullthrows "^1.1.1"
    posthtml "^0.16.5"
    posthtml-parser "^0.10.1"
    posthtml-render "^3.0.0"
    semver "^5.7.1"

"@parcel/types@2.8.2":
  version "2.8.2"
  resolved "https://registry.yarnpkg.com/@parcel/types/-/types-2.8.2.tgz#1a2cc2ec20a52f42dabd9260dbb912b927e2d75d"
  dependencies:
    "@parcel/cache" "2.8.2"
    "@parcel/diagnostic" "2.8.2"
    "@parcel/fs" "2.8.2"
    "@parcel/package-manager" "2.8.2"
    "@parcel/source-map" "^2.1.1"
    "@parcel/workers" "2.8.2"
    utility-types "^3.10.0"

"@parcel/utils@2.8.2":
  version "2.8.2"
  resolved "https://registry.yarnpkg.com/@parcel/utils/-/utils-2.8.2.tgz#7e917d2ebd5326e12e878858a416e50706bc804d"
  dependencies:
    "@parcel/codeframe" "2.8.2"
    "@parcel/diagnostic" "2.8.2"
    "@parcel/hash" "2.8.2"
    "@parcel/logger" "2.8.2"
    "@parcel/markdown-ansi" "2.8.2"
    "@parcel/source-map" "^2.1.1"
    chalk "^4.1.0"

"@parcel/watcher@^2.0.7":
  version "2.0.7"
  resolved "https://registry.yarnpkg.com/@parcel/watcher/-/watcher-2.0.7.tgz#c95fe1370e8c6237cb9729c9c075264acc7e21a5"
  dependencies:
    node-addon-api "^3.2.1"
    node-gyp-build "^4.3.0"

"@parcel/workers@2.8.2":
  version "2.8.2"
  resolved "https://registry.yarnpkg.com/@parcel/workers/-/workers-2.8.2.tgz#7d170bd153e35ebd7fb59f239930bd5669babe7d"
  dependencies:
    "@parcel/diagnostic" "2.8.2"
    "@parcel/logger" "2.8.2"
    "@parcel/types" "2.8.2"
    "@parcel/utils" "2.8.2"
    chrome-trace-event "^1.0.2"
    nullthrows "^1.1.1"

"@swc/helpers@^0.4.12":
  version "0.4.14"
  resolved "https://registry.yarnpkg.com/@swc/helpers/-/helpers-0.4.14.tgz#1352ac6d95e3617ccb7c1498ff019654f1e12a74"
  dependencies:
    tslib "^2.4.0"

"@trysound/sax@0.2.0":
  version "0.2.0"
  resolved "https://registry.yarnpkg.com/@trysound/sax/-/sax-0.2.0.tgz#cccaab758af56761eb7bf37af6f03f326dd798ad"

"@types/parse-json@^4.0.0":
  version "4.0.0"
  resolved "https://registry.yarnpkg.com/@types/parse-json/-/parse-json-4.0.0.tgz#2f8bb441434d163b35fb8ffdccd7138927ffb8c0"

"@types/prop-types@*":
  version "15.7.3"
  resolved "https://registry.npmjs.org/@types/prop-types/-/prop-types-15.7.3.tgz"

"@types/react-dom@^16.8.4":
  version "16.9.8"
  resolved "https://registry.npmjs.org/@types/react-dom/-/react-dom-16.9.8.tgz"
  dependencies:
    "@types/react" "*"

"@types/react@*", "@types/react@^16.9.11":
  version "16.9.43"
  resolved "https://registry.npmjs.org/@types/react/-/react-16.9.43.tgz"
  dependencies:
    "@types/prop-types" "*"
    csstype "^2.2.0"

abortcontroller-polyfill@^1.1.9:
  version "1.7.5"
  resolved "https://registry.yarnpkg.com/abortcontroller-polyfill/-/abortcontroller-polyfill-1.7.5.tgz#6738495f4e901fbb57b6c0611d0c75f76c485bed"

acorn@^8.5.0:
  version "8.8.1"
  resolved "https://registry.yarnpkg.com/acorn/-/acorn-8.8.1.tgz#0a3f9cbecc4ec3bea6f0a80b66ae8dd2da250b73"

ansi-styles@^3.2.1:
  version "3.2.1"
  resolved "https://registry.npmjs.org/ansi-styles/-/ansi-styles-3.2.1.tgz"
  dependencies:
    color-convert "^1.9.0"

ansi-styles@^4.1.0:
  version "4.3.0"
  resolved "https://registry.yarnpkg.com/ansi-styles/-/ansi-styles-4.3.0.tgz#edd803628ae71c04c85ae7a0906edad34b648937"
  dependencies:
    color-convert "^2.0.1"

asap@~2.0.6:
  version "2.0.6"
  resolved "https://registry.npmjs.org/asap/-/asap-2.0.6.tgz"

base-x@^3.0.8:
  version "3.0.9"
  resolved "https://registry.yarnpkg.com/base-x/-/base-x-3.0.9.tgz#6349aaabb58526332de9f60995e548a53fe21320"
  dependencies:
    safe-buffer "^5.0.1"

boolbase@^1.0.0:
  version "1.0.0"
  resolved "https://registry.npmjs.org/boolbase/-/boolbase-1.0.0.tgz"

browserslist@^4.6.6:
  version "4.21.4"
  resolved "https://registry.yarnpkg.com/browserslist/-/browserslist-4.21.4.tgz#e7496bbc67b9e39dd0f98565feccdcb0d4ff6987"
  dependencies:
    caniuse-lite "^1.0.30001400"
    electron-to-chromium "^1.4.251"
    node-releases "^2.0.6"
    update-browserslist-db "^1.0.9"

buffer-from@^1.0.0:
  version "1.1.1"
  resolved "https://registry.npmjs.org/buffer-from/-/buffer-from-1.1.1.tgz"

callsites@^3.0.0:
  version "3.1.0"
  resolved "https://registry.yarnpkg.com/callsites/-/callsites-3.1.0.tgz#b3630abd8943432f54b3f0519238e33cd7df2f73"

caniuse-lite@^1.0.30001400:
  version "1.0.30001441"
  resolved "https://registry.yarnpkg.com/caniuse-lite/-/caniuse-lite-1.0.30001441.tgz#987437b266260b640a23cd18fbddb509d7f69f3e"

chalk@^2.0.0:
  version "2.4.2"
  resolved "https://registry.npmjs.org/chalk/-/chalk-2.4.2.tgz"
  dependencies:
    ansi-styles "^3.2.1"
    escape-string-regexp "^1.0.5"
    supports-color "^5.3.0"

chalk@^4.1.0:
  version "4.1.2"
  resolved "https://registry.yarnpkg.com/chalk/-/chalk-4.1.2.tgz#aac4e2b7734a740867aeb16bf02aad556a1e7a01"
  dependencies:
    ansi-styles "^4.1.0"
    supports-color "^7.1.0"

chrome-trace-event@^1.0.2:
  version "1.0.3"
  resolved "https://registry.yarnpkg.com/chrome-trace-event/-/chrome-trace-event-1.0.3.tgz#1015eced4741e15d06664a957dbbf50d041e26ac"

clone@^2.1.1:
  version "2.1.2"
  resolved "https://registry.npmjs.org/clone/-/clone-2.1.2.tgz"

color-convert@^1.9.0:
  version "1.9.3"
  resolved "https://registry.npmjs.org/color-convert/-/color-convert-1.9.3.tgz"
  dependencies:
    color-name "1.1.3"

color-convert@^2.0.1:
  version "2.0.1"
  resolved "https://registry.yarnpkg.com/color-convert/-/color-convert-2.0.1.tgz#72d3a68d598c9bdb3af2ad1e84f21d896abd4de3"
  dependencies:
    color-name "~1.1.4"

color-name@1.1.3:
  version "1.1.3"
  resolved "https://registry.npmjs.org/color-name/-/color-name-1.1.3.tgz"

color-name@~1.1.4:
  version "1.1.4"
  resolved "https://registry.yarnpkg.com/color-name/-/color-name-1.1.4.tgz#c2a09a87acbde69543de6f63fa3995c826c536a2"

commander@^2.20.0:
  version "2.20.3"
  resolved "https://registry.npmjs.org/commander/-/commander-2.20.3.tgz"

commander@^7.0.0, commander@^7.2.0:
  version "7.2.0"
  resolved "https://registry.yarnpkg.com/commander/-/commander-7.2.0.tgz#a36cb57d0b501ce108e4d20559a150a391d97ab7"

core-js@^3.5.0:
  version "3.6.5"
  resolved "https://registry.npmjs.org/core-js/-/core-js-3.6.5.tgz"

cosmiconfig@^7.0.1:
  version "7.1.0"
  resolved "https://registry.yarnpkg.com/cosmiconfig/-/cosmiconfig-7.1.0.tgz#1443b9afa596b670082ea46cbd8f6a62b84635f6"
  dependencies:
    "@types/parse-json" "^4.0.0"
    import-fresh "^3.2.1"
    parse-json "^5.0.0"
    path-type "^4.0.0"
    yaml "^1.10.0"

css-select@^4.1.3:
  version "4.3.0"
  resolved "https://registry.yarnpkg.com/css-select/-/css-select-4.3.0.tgz#db7129b2846662fd8628cfc496abb2b59e41529b"
  dependencies:
    boolbase "^1.0.0"
    css-what "^6.0.1"
    domhandler "^4.3.1"
    domutils "^2.8.0"
    nth-check "^2.0.1"

css-tree@^1.1.2, css-tree@^1.1.3:
  version "1.1.3"
  resolved "https://registry.yarnpkg.com/css-tree/-/css-tree-1.1.3.tgz#eb4870fb6fd7707327ec95c2ff2ab09b5e8db91d"
  dependencies:
    mdn-data "2.0.14"
    source-map "^0.6.1"

css-what@^6.0.1:
  version "6.1.0"
  resolved "https://registry.yarnpkg.com/css-what/-/css-what-6.1.0.tgz#fb5effcf76f1ddea2c81bdfaa4de44e79bac70f4"

csso@^4.2.0:
  version "4.2.0"
  resolved "https://registry.yarnpkg.com/csso/-/csso-4.2.0.tgz#ea3a561346e8dc9f546d6febedd50187cf389529"
  dependencies:
    css-tree "^1.1.2"

csstype@^2.2.0:
  version "2.6.13"
  resolved "https://registry.npmjs.org/csstype/-/csstype-2.6.13.tgz"

detect-libc@^1.0.3:
  version "1.0.3"
  resolved "https://registry.yarnpkg.com/detect-libc/-/detect-libc-1.0.3.tgz#fa137c4bd698edf55cd5cd02ac559f91a4c4ba9b"

dom-serializer@^1.0.1:
  version "1.4.1"
  resolved "https://registry.yarnpkg.com/dom-serializer/-/dom-serializer-1.4.1.tgz#de5d41b1aea290215dc45a6dae8adcf1d32e2d30"
  dependencies:
    domelementtype "^2.0.1"
    domhandler "^4.2.0"
    entities "^2.0.0"

domelementtype@^2.0.1:
  version "2.0.1"
  resolved "https://registry.npmjs.org/domelementtype/-/domelementtype-2.0.1.tgz"

domelementtype@^2.2.0:
  version "2.3.0"
  resolved "https://registry.yarnpkg.com/domelementtype/-/domelementtype-2.3.0.tgz#5c45e8e869952626331d7aab326d01daf65d589d"

domhandler@^4.2.0, domhandler@^4.2.2, domhandler@^4.3.1:
  version "4.3.1"
  resolved "https://registry.yarnpkg.com/domhandler/-/domhandler-4.3.1.tgz#8d792033416f59d68bc03a5aa7b018c1ca89279c"
  dependencies:
    domelementtype "^2.2.0"

domutils@^2.8.0:
  version "2.8.0"
  resolved "https://registry.yarnpkg.com/domutils/-/domutils-2.8.0.tgz#4437def5db6e2d1f5d6ee859bd95ca7d02048135"
  dependencies:
    dom-serializer "^1.0.1"
    domelementtype "^2.2.0"
    domhandler "^4.2.0"

dotenv-expand@^5.1.0:
  version "5.1.0"
  resolved "https://registry.npmjs.org/dotenv-expand/-/dotenv-expand-5.1.0.tgz"

dotenv@^7.0.0:
  version "7.0.0"
  resolved "https://registry.yarnpkg.com/dotenv/-/dotenv-7.0.0.tgz#a2be3cd52736673206e8a85fb5210eea29628e7c"

electron-to-chromium@^1.4.251:
  version "1.4.284"
  resolved "https://registry.yarnpkg.com/electron-to-chromium/-/electron-to-chromium-1.4.284.tgz#61046d1e4cab3a25238f6bf7413795270f125592"

entities@^2.0.0:
  version "2.0.3"
  resolved "https://registry.npmjs.org/entities/-/entities-2.0.3.tgz"

entities@^3.0.1:
  version "3.0.1"
  resolved "https://registry.yarnpkg.com/entities/-/entities-3.0.1.tgz#2b887ca62585e96db3903482d336c1006c3001d4"

error-ex@^1.3.1:
  version "1.3.2"
  resolved "https://registry.npmjs.org/error-ex/-/error-ex-1.3.2.tgz"
  dependencies:
    is-arrayish "^0.2.1"

escalade@^3.1.1:
  version "3.1.1"
  resolved "https://registry.yarnpkg.com/escalade/-/escalade-3.1.1.tgz#d8cfdc7000965c5a0174b4a82eaa5c0552742e40"

escape-string-regexp@^1.0.5:
  version "1.0.5"
  resolved "https://registry.npmjs.org/escape-string-regexp/-/escape-string-regexp-1.0.5.tgz"

get-port@^4.2.0:
  version "4.2.0"
  resolved "https://registry.yarnpkg.com/get-port/-/get-port-4.2.0.tgz#e37368b1e863b7629c43c5a323625f95cf24b119"

globals@^13.2.0:
  version "13.19.0"
  resolved "https://registry.yarnpkg.com/globals/-/globals-13.19.0.tgz#7a42de8e6ad4f7242fbcca27ea5b23aca367b5c8"
  dependencies:
    type-fest "^0.20.2"

has-flag@^3.0.0:
  version "3.0.0"
  resolved "https://registry.npmjs.org/has-flag/-/has-flag-3.0.0.tgz"

has-flag@^4.0.0:
  version "4.0.0"
  resolved "https://registry.yarnpkg.com/has-flag/-/has-flag-4.0.0.tgz#944771fd9c81c81265c4d6941860da06bb59479b"

htmlnano@^2.0.0:
  version "2.0.3"
  resolved "https://registry.yarnpkg.com/htmlnano/-/htmlnano-2.0.3.tgz#50ee639ed63357d4a6c01309f52a35892e4edc2e"
  dependencies:
    cosmiconfig "^7.0.1"
    posthtml "^0.16.5"
    timsort "^0.3.0"

htmlparser2@^7.1.1:
  version "7.2.0"
  resolved "https://registry.yarnpkg.com/htmlparser2/-/htmlparser2-7.2.0.tgz#8817cdea38bbc324392a90b1990908e81a65f5a5"
  dependencies:
    domelementtype "^2.0.1"
    domhandler "^4.2.2"
    domutils "^2.8.0"
    entities "^3.0.1"

import-fresh@^3.2.1:
  version "3.3.0"
  resolved "https://registry.yarnpkg.com/import-fresh/-/import-fresh-3.3.0.tgz#37162c25fcb9ebaa2e6e53d5b4d88ce17d9e0c2b"
  dependencies:
    parent-module "^1.0.0"
    resolve-from "^4.0.0"

is-arrayish@^0.2.1:
  version "0.2.1"
  resolved "https://registry.npmjs.org/is-arrayish/-/is-arrayish-0.2.1.tgz"

is-json@^2.0.1:
  version "2.0.1"
  resolved "https://registry.yarnpkg.com/is-json/-/is-json-2.0.1.tgz#6be166d144828a131d686891b983df62c39491ff"

js-tokens@^4.0.0:
  version "4.0.0"
  resolved "https://registry.npmjs.org/js-tokens/-/js-tokens-4.0.0.tgz"

json-parse-even-better-errors@^2.3.0:
  version "2.3.1"
  resolved "https://registry.yarnpkg.com/json-parse-even-better-errors/-/json-parse-even-better-errors-2.3.1.tgz#7c47805a94319928e05777405dc12e1f7a4ee02d"

json5@^2.2.0, json5@^2.2.1:
  version "2.2.3"
  resolved "https://registry.yarnpkg.com/json5/-/json5-2.2.3.tgz#78cd6f1a19bdc12b73db5ad0c61efd66c1e29283"

lightningcss-darwin-arm64@1.17.1:
  version "1.17.1"
  resolved "https://registry.yarnpkg.com/lightningcss-darwin-arm64/-/lightningcss-darwin-arm64-1.17.1.tgz#d0384a47f19f1a02c29074930a23e5888e76b11a"

lightningcss-darwin-x64@1.17.1:
  version "1.17.1"
  resolved "https://registry.yarnpkg.com/lightningcss-darwin-x64/-/lightningcss-darwin-x64-1.17.1.tgz#7fa5853f71eb8698b511dbad43305666e0e0d871"

lightningcss-linux-arm-gnueabihf@1.17.1:
  version "1.17.1"
  resolved "https://registry.yarnpkg.com/lightningcss-linux-arm-gnueabihf/-/lightningcss-linux-arm-gnueabihf-1.17.1.tgz#9ba7ffd5be686210b88ec28bb495bf9593698678"

lightningcss-linux-arm64-gnu@1.17.1:
  version "1.17.1"
  resolved "https://registry.yarnpkg.com/lightningcss-linux-arm64-gnu/-/lightningcss-linux-arm64-gnu-1.17.1.tgz#aeee6b5ed613198aab978c878f26110d6e8e70d2"

lightningcss-linux-arm64-musl@1.17.1:
  version "1.17.1"
  resolved "https://registry.yarnpkg.com/lightningcss-linux-arm64-musl/-/lightningcss-linux-arm64-musl-1.17.1.tgz#14e46b8d2f50e83a710c62432e447bd9f0c328a5"

lightningcss-linux-x64-gnu@1.17.1:
  version "1.17.1"
  resolved "https://registry.yarnpkg.com/lightningcss-linux-x64-gnu/-/lightningcss-linux-x64-gnu-1.17.1.tgz#17b8abb73d7b32338d5b248ac12325f506964e69"

lightningcss-linux-x64-musl@1.17.1:
  version "1.17.1"
  resolved "https://registry.yarnpkg.com/lightningcss-linux-x64-musl/-/lightningcss-linux-x64-musl-1.17.1.tgz#78765c58c111af43e7d311afa4713348ce9b2766"

lightningcss-win32-x64-msvc@1.17.1:
  version "1.17.1"
  resolved "https://registry.yarnpkg.com/lightningcss-win32-x64-msvc/-/lightningcss-win32-x64-msvc-1.17.1.tgz#be3c5e1f026c4fc6b58f969917970450634285a1"

lightningcss@^1.16.1:
  version "1.17.1"
  resolved "https://registry.yarnpkg.com/lightningcss/-/lightningcss-1.17.1.tgz#cce53acf117a6f9494bc77e8ac6550286d621243"
  dependencies:
    detect-libc "^1.0.3"
  optionalDependencies:
    lightningcss-darwin-arm64 "1.17.1"
    lightningcss-darwin-x64 "1.17.1"
    lightningcss-linux-arm-gnueabihf "1.17.1"
    lightningcss-linux-arm64-gnu "1.17.1"
    lightningcss-linux-arm64-musl "1.17.1"
    lightningcss-linux-x64-gnu "1.17.1"
    lightningcss-linux-x64-musl "1.17.1"
    lightningcss-win32-x64-msvc "1.17.1"

lines-and-columns@^1.1.6:
  version "1.2.4"
  resolved "https://registry.yarnpkg.com/lines-and-columns/-/lines-and-columns-1.2.4.tgz#eca284f75d2965079309dc0ad9255abb2ebc1632"

lmdb@2.5.2:
  version "2.5.2"
  resolved "https://registry.yarnpkg.com/lmdb/-/lmdb-2.5.2.tgz#37e28a9fb43405f4dc48c44cec0e13a14c4a6ff1"
  dependencies:
    msgpackr "^1.5.4"
    node-addon-api "^4.3.0"
    node-gyp-build-optional-packages "5.0.3"
    ordered-binary "^1.2.4"
    weak-lru-cache "^1.2.2"
  optionalDependencies:
    "@lmdb/lmdb-darwin-arm64" "2.5.2"
    "@lmdb/lmdb-darwin-x64" "2.5.2"
    "@lmdb/lmdb-linux-arm" "2.5.2"
    "@lmdb/lmdb-linux-arm64" "2.5.2"
    "@lmdb/lmdb-linux-x64" "2.5.2"
    "@lmdb/lmdb-win32-x64" "2.5.2"

mdn-data@2.0.14:
  version "2.0.14"
  resolved "https://registry.yarnpkg.com/mdn-data/-/mdn-data-2.0.14.tgz#7113fc4281917d63ce29b43446f701e68c25ba50"

msgpackr-extract@^2.2.0:
  version "2.2.0"
  resolved "https://registry.yarnpkg.com/msgpackr-extract/-/msgpackr-extract-2.2.0.tgz#4bb749b58d9764cfdc0d91c7977a007b08e8f262"
  dependencies:
    node-gyp-build-optional-packages "5.0.3"
  optionalDependencies:
    "@msgpackr-extract/msgpackr-extract-darwin-arm64" "2.2.0"
    "@msgpackr-extract/msgpackr-extract-darwin-x64" "2.2.0"
    "@msgpackr-extract/msgpackr-extract-linux-arm" "2.2.0"
    "@msgpackr-extract/msgpackr-extract-linux-arm64" "2.2.0"
    "@msgpackr-extract/msgpackr-extract-linux-x64" "2.2.0"
    "@msgpackr-extract/msgpackr-extract-win32-x64" "2.2.0"

msgpackr@^1.5.4:
  version "1.8.1"
  resolved "https://registry.yarnpkg.com/msgpackr/-/msgpackr-1.8.1.tgz#2298aed8a14f83e99df77d344cbda3e436f29b5b"
  optionalDependencies:
    msgpackr-extract "^2.2.0"

node-addon-api@^3.2.1:
  version "3.2.1"
  resolved "https://registry.yarnpkg.com/node-addon-api/-/node-addon-api-3.2.1.tgz#81325e0a2117789c0128dab65e7e38f07ceba161"

node-addon-api@^4.3.0:
  version "4.3.0"
  resolved "https://registry.yarnpkg.com/node-addon-api/-/node-addon-api-4.3.0.tgz#52a1a0b475193e0928e98e0426a0d1254782b77f"

node-gyp-build-optional-packages@5.0.3:
  version "5.0.3"
  resolved "https://registry.yarnpkg.com/node-gyp-build-optional-packages/-/node-gyp-build-optional-packages-5.0.3.tgz#92a89d400352c44ad3975010368072b41ad66c17"

node-gyp-build@^4.3.0:
  version "4.5.0"
  resolved "https://registry.yarnpkg.com/node-gyp-build/-/node-gyp-build-4.5.0.tgz#7a64eefa0b21112f89f58379da128ac177f20e40"

node-releases@^2.0.6:
  version "2.0.8"
  resolved "https://registry.yarnpkg.com/node-releases/-/node-releases-2.0.8.tgz#0f349cdc8fcfa39a92ac0be9bc48b7706292b9ae"

nth-check@^2.0.1:
  version "2.1.1"
  resolved "https://registry.yarnpkg.com/nth-check/-/nth-check-2.1.1.tgz#c9eab428effce36cd6b92c924bdb000ef1f1ed1d"
  dependencies:
    boolbase "^1.0.0"

nullthrows@^1.1.1:
  version "1.1.1"
  resolved "https://registry.yarnpkg.com/nullthrows/-/nullthrows-1.1.1.tgz#7818258843856ae971eae4208ad7d7eb19a431b1"

object-assign@^4.1.1:
  version "4.1.1"
  resolved "https://registry.npmjs.org/object-assign/-/object-assign-4.1.1.tgz"

ordered-binary@^1.2.4:
  version "1.4.0"
  resolved "https://registry.yarnpkg.com/ordered-binary/-/ordered-binary-1.4.0.tgz#6bb53d44925f3b8afc33d1eed0fa15693b211389"

parcel@^2.8.2:
  version "2.8.2"
  resolved "https://registry.yarnpkg.com/parcel/-/parcel-2.8.2.tgz#6539c0a435b14e5829d09254b0394dcfbc0b0ba5"
  dependencies:
    "@parcel/config-default" "2.8.2"
    "@parcel/core" "2.8.2"
    "@parcel/diagnostic" "2.8.2"
    "@parcel/events" "2.8.2"
    "@parcel/fs" "2.8.2"
    "@parcel/logger" "2.8.2"
    "@parcel/package-manager" "2.8.2"
    "@parcel/reporter-cli" "2.8.2"
    "@parcel/reporter-dev-server" "2.8.2"
    "@parcel/utils" "2.8.2"
    chalk "^4.1.0"
    commander "^7.0.0"
    get-port "^4.2.0"
    v8-compile-cache "^2.0.0"

parent-module@^1.0.0:
  version "1.0.1"
  resolved "https://registry.yarnpkg.com/parent-module/-/parent-module-1.0.1.tgz#691d2709e78c79fae3a156622452d00762caaaa2"
  dependencies:
    callsites "^3.0.0"

parse-json@^5.0.0:
  version "5.2.0"
  resolved "https://registry.yarnpkg.com/parse-json/-/parse-json-5.2.0.tgz#c76fc66dee54231c962b22bcc8a72cf2f99753cd"
  dependencies:
    "@babel/code-frame" "^7.0.0"
    error-ex "^1.3.1"
    json-parse-even-better-errors "^2.3.0"
    lines-and-columns "^1.1.6"

path-type@^4.0.0:
  version "4.0.0"
  resolved "https://registry.yarnpkg.com/path-type/-/path-type-4.0.0.tgz#84ed01c0a7ba380afe09d90a8c180dcd9d03043b"

performance-now@^2.1.0:
  version "2.1.0"
  resolved "https://registry.npmjs.org/performance-now/-/performance-now-2.1.0.tgz"

picocolors@^1.0.0:
  version "1.0.0"
  resolved "https://registry.yarnpkg.com/picocolors/-/picocolors-1.0.0.tgz#cb5bdc74ff3f51892236eaf79d68bc44564ab81c"

postcss-value-parser@^4.2.0:
  version "4.2.0"
  resolved "https://registry.yarnpkg.com/postcss-value-parser/-/postcss-value-parser-4.2.0.tgz#723c09920836ba6d3e5af019f92bc0971c02e514"

posthtml-parser@^0.10.1:
  version "0.10.2"
  resolved "https://registry.yarnpkg.com/posthtml-parser/-/posthtml-parser-0.10.2.tgz#df364d7b179f2a6bf0466b56be7b98fd4e97c573"
  dependencies:
    htmlparser2 "^7.1.1"

posthtml-parser@^0.11.0:
  version "0.11.0"
  resolved "https://registry.yarnpkg.com/posthtml-parser/-/posthtml-parser-0.11.0.tgz#25d1c7bf811ea83559bc4c21c189a29747a24b7a"
  dependencies:
    htmlparser2 "^7.1.1"

posthtml-render@^3.0.0:
  version "3.0.0"
  resolved "https://registry.yarnpkg.com/posthtml-render/-/posthtml-render-3.0.0.tgz#97be44931496f495b4f07b99e903cc70ad6a3205"
  dependencies:
    is-json "^2.0.1"

posthtml@^0.16.4, posthtml@^0.16.5:
  version "0.16.6"
  resolved "https://registry.yarnpkg.com/posthtml/-/posthtml-0.16.6.tgz#e2fc407f67a64d2fa3567afe770409ffdadafe59"
  dependencies:
    posthtml-parser "^0.11.0"
    posthtml-render "^3.0.0"

promise@^8.0.3:
  version "8.1.0"
  resolved "https://registry.npmjs.org/promise/-/promise-8.1.0.tgz"
  dependencies:
    asap "~2.0.6"

raf@^3.4.1:
  version "3.4.1"
  resolved "https://registry.npmjs.org/raf/-/raf-3.4.1.tgz"
  dependencies:
    performance-now "^2.1.0"

react-app-polyfill@^1.0.0:
  version "1.0.6"
  resolved "https://registry.npmjs.org/react-app-polyfill/-/react-app-polyfill-1.0.6.tgz"
  dependencies:
    core-js "^3.5.0"
    object-assign "^4.1.1"
    promise "^8.0.3"
    raf "^3.4.1"
    regenerator-runtime "^0.13.3"
    whatwg-fetch "^3.0.0"

react-error-overlay@6.0.9:
  version "6.0.9"
  resolved "https://registry.yarnpkg.com/react-error-overlay/-/react-error-overlay-6.0.9.tgz#3c743010c9359608c375ecd6bc76f35d93995b0a"

react-refresh@^0.9.0:
  version "0.9.0"
  resolved "https://registry.yarnpkg.com/react-refresh/-/react-refresh-0.9.0.tgz#71863337adc3e5c2f8a6bfddd12ae3bfe32aafbf"

regenerator-runtime@^0.13.3:
  version "0.13.5"
  resolved "https://registry.npmjs.org/regenerator-runtime/-/regenerator-runtime-0.13.5.tgz"

regenerator-runtime@^0.13.7:
  version "0.13.11"
  resolved "https://registry.yarnpkg.com/regenerator-runtime/-/regenerator-runtime-0.13.11.tgz#f6dca3e7ceec20590d07ada785636a90cdca17f9"

resolve-from@^4.0.0:
  version "4.0.0"
  resolved "https://registry.yarnpkg.com/resolve-from/-/resolve-from-4.0.0.tgz#4abcd852ad32dd7baabfe9b40e00a36db5f392e6"

safe-buffer@^5.0.1:
  version "5.1.2"
  resolved "https://registry.npmjs.org/safe-buffer/-/safe-buffer-5.1.2.tgz"

semver@^5.7.0, semver@^5.7.1:
  version "5.7.1"
  resolved "https://registry.yarnpkg.com/semver/-/semver-5.7.1.tgz#a954f931aeba508d307bbf069eff0c01c96116f7"

source-map-support@~0.5.20:
  version "0.5.21"
  resolved "https://registry.yarnpkg.com/source-map-support/-/source-map-support-0.5.21.tgz#04fe7c7f9e1ed2d662233c28cb2b35b9f63f6e4f"
  dependencies:
    buffer-from "^1.0.0"
    source-map "^0.6.0"

source-map@^0.6.0, source-map@^0.6.1:
  version "0.6.1"
  resolved "https://registry.npmjs.org/source-map/-/source-map-0.6.1.tgz"

stable@^0.1.8:
  version "0.1.8"
  resolved "https://registry.npmjs.org/stable/-/stable-0.1.8.tgz"

supports-color@^5.3.0:
  version "5.5.0"
  resolved "https://registry.npmjs.org/supports-color/-/supports-color-5.5.0.tgz"
  dependencies:
    has-flag "^3.0.0"

supports-color@^7.1.0:
  version "7.2.0"
  resolved "https://registry.yarnpkg.com/supports-color/-/supports-color-7.2.0.tgz#1b7dcdcb32b8138801b3e478ba6a51caa89648da"
  dependencies:
    has-flag "^4.0.0"

svgo@^2.4.0:
  version "2.8.0"
  resolved "https://registry.yarnpkg.com/svgo/-/svgo-2.8.0.tgz#4ff80cce6710dc2795f0c7c74101e6764cfccd24"
  dependencies:
    "@trysound/sax" "0.2.0"
    commander "^7.2.0"
    css-select "^4.1.3"
    css-tree "^1.1.3"
    csso "^4.2.0"
    picocolors "^1.0.0"
    stable "^0.1.8"

term-size@^2.2.1:
  version "2.2.1"
  resolved "https://registry.yarnpkg.com/term-size/-/term-size-2.2.1.tgz#2a6a54840432c2fb6320fea0f415531e90189f54"

terser@^5.2.0:
  version "5.16.1"
  resolved "https://registry.yarnpkg.com/terser/-/terser-5.16.1.tgz#5af3bc3d0f24241c7fb2024199d5c461a1075880"
  dependencies:
    "@jridgewell/source-map" "^0.3.2"
    acorn "^8.5.0"
    commander "^2.20.0"
    source-map-support "~0.5.20"

timsort@^0.3.0:
  version "0.3.0"
  resolved "https://registry.npmjs.org/timsort/-/timsort-0.3.0.tgz"

tslib@^2.4.0:
  version "2.4.1"
  resolved "https://registry.yarnpkg.com/tslib/-/tslib-2.4.1.tgz#0d0bfbaac2880b91e22df0768e55be9753a5b17e"

type-fest@^0.20.2:
  version "0.20.2"
  resolved "https://registry.yarnpkg.com/type-fest/-/type-fest-0.20.2.tgz#1bf207f4b28f91583666cb5fbd327887301cd5f4"

typescript@^3.4.5:
  version "3.9.6"
  resolved "https://registry.npmjs.org/typescript/-/typescript-3.9.6.tgz"

update-browserslist-db@^1.0.9:
  version "1.0.10"
  resolved "https://registry.yarnpkg.com/update-browserslist-db/-/update-browserslist-db-1.0.10.tgz#0f54b876545726f17d00cd9a2561e6dade943ff3"
  dependencies:
    escalade "^3.1.1"
    picocolors "^1.0.0"

utility-types@^3.10.0:
  version "3.10.0"
  resolved "https://registry.yarnpkg.com/utility-types/-/utility-types-3.10.0.tgz#ea4148f9a741015f05ed74fd615e1d20e6bed82b"

v8-compile-cache@^2.0.0:
  version "2.1.1"
  resolved "https://registry.npmjs.org/v8-compile-cache/-/v8-compile-cache-2.1.1.tgz"

weak-lru-cache@^1.2.2:
  version "1.2.2"
  resolved "https://registry.yarnpkg.com/weak-lru-cache/-/weak-lru-cache-1.2.2.tgz#fdbb6741f36bae9540d12f480ce8254060dccd19"

whatwg-fetch@^3.0.0:
  version "3.4.0"
  resolved "https://registry.npmjs.org/whatwg-fetch/-/whatwg-fetch-3.4.0.tgz"

xxhash-wasm@^0.4.2:
  version "0.4.2"
  resolved "https://registry.yarnpkg.com/xxhash-wasm/-/xxhash-wasm-0.4.2.tgz#752398c131a4dd407b5132ba62ad372029be6f79"

yaml@^1.10.0:
  version "1.10.2"
  resolved "https://registry.yarnpkg.com/yaml/-/yaml-1.10.2.tgz#2301c5ffbf12b467de8da2333a459e29e7920e4b"
